{
  "version": 1,
  "dependencies": {
    "net8.0": {
      "asmstone": {
        "type": "Project"
      },
      "urprotect.core": {
        "type": "Project",
        "dependencies": {
          "AsmStone": "[1.0.0, )"
        }
      }
    },
    "net8.0/linux-arm64": {},
    "net8.0/linux-musl-arm64": {}
  }
}